Microsoft Visual Studio Solution File, Format Version 12.00
# Visual Studio Version 17
VisualStudioVersion = 17.5.2.0
MinimumVisualStudioVersion = 10.0.40219.1
Project("{FAE04EC0-301F-11D3-BF4B-00C04F79EFBC}") = "sanatorio-nuevo", "sanatorio-nuevo.csproj", "{B0EB2DB6-507E-914C-9A4D-AD3142667F52}"
EndProject
Global
	GlobalSection(SolutionConfigurationPlatforms) = preSolution
		Debug|Any CPU = Debug|Any CPU
		Release|Any CPU = Release|Any CPU
	EndGlobalSection
	GlobalSection(ProjectConfigurationPlatforms) = postSolution
		{B0EB2DB6-507E-914C-9A4D-AD3142667F52}.Debug|Any CPU.ActiveCfg = Debug|Any CPU
		{B0EB2DB6-507E-914C-9A4D-AD3142667F52}.Debug|Any CPU.Build.0 = Debug|Any CPU
		{B0EB2DB6-507E-914C-9A4D-AD3142667F52}.Release|Any CPU.ActiveCfg = Release|Any CPU
		{B0EB2DB6-507E-914C-9A4D-AD3142667F52}.Release|Any CPU.Build.0 = Release|Any CPU
	EndGlobalSection
	GlobalSection(SolutionProperties) = preSolution
		HideSolutionNode = FALSE
	EndGlobalSection
	GlobalSection(ExtensibilityGlobals) = postSolution
		SolutionGuid = {A73C52A9-EA00-4123-8519-B53536C1F1FF}
	EndGlobalSection
EndGlobal
