
Microsoft Visual Studio Solution File, Format Version 12.00
# Visual Studio Version 17
VisualStudioVersion = 17.14.36121.58 d17.14
MinimumVisualStudioVersion = 10.0.40219.1
Project("{FAE04EC0-301F-11D3-BF4B-00C04F79EFBC}") = "cronometro", "cronometro.csproj", "{4EC3ED5C-4687-4E50-97BD-6C122B98D8A3}"
EndProject
Global
	GlobalSection(SolutionConfigurationPlatforms) = preSolution
		Debug|Any CPU = Debug|Any CPU
		Release|Any CPU = Release|Any CPU
	EndGlobalSection
	GlobalSection(ProjectConfigurationPlatforms) = postSolution
		{4EC3ED5C-4687-4E50-97BD-6C122B98D8A3}.Debug|Any CPU.ActiveCfg = Debug|Any CPU
		{4EC3ED5C-4687-4E50-97BD-6C122B98D8A3}.Debug|Any CPU.Build.0 = Debug|Any CPU
		{4EC3ED5C-4687-4E50-97BD-6C122B98D8A3}.Release|Any CPU.ActiveCfg = Release|Any CPU
		{4EC3ED5C-4687-4E50-97BD-6C122B98D8A3}.Release|Any CPU.Build.0 = Release|Any CPU
	EndGlobalSection
	GlobalSection(SolutionProperties) = preSolution
		HideSolutionNode = FALSE
	EndGlobalSection
	GlobalSection(ExtensibilityGlobals) = postSolution
		SolutionGuid = {89C9A601-A4AB-4335-87EF-213F2A6B4F9F}
	EndGlobalSection
EndGlobal
